// !$*UTF8*$!
{
	archiveVersion = 1;
	classes = {
	};
	objectVersion = 77;
	objects = {

/* Begin PBXBuildFile section */
		0200345B2EAC73C700D87C8F /* SwiftfulOnboarding in Frameworks */ = {isa = PBXBuildFile; productRef = 0200345A2EAC73C700D87C8F /* SwiftfulOnboarding */; };
		0207BD952EA0958200E46D93 /* SwiftfulGamificationFirebase in Frameworks */ = {isa = PBXBuildFile; productRef = 0207BD942EA0958200E46D93 /* SwiftfulGamificationFirebase */; };
		0207BD982EA0958B00E46D93 /* SwiftfulGamification in Frameworks */ = {isa = PBXBuildFile; productRef = 0207BD972EA0958B00E46D93 /* SwiftfulGamification */; };
		0210A6CA2DB4DCE40072B2FC /* SwiftfulRouting in Frameworks */ = {isa = PBXBuildFile; productRef = 0210A6C92DB4DCE40072B2FC /* SwiftfulRouting */; };
		0229588C2CEE932F00765488 /* SDWebImageSwiftUI in Frameworks */ = {isa = PBXBuildFile; productRef = 0229588B2CEE932F00765488 /* SDWebImageSwiftUI */; };
		028200B32EA3434D0004887E /* SwiftfulDataManagers in Frameworks */ = {isa = PBXBuildFile; productRef = 028200B22EA3434D0004887E /* SwiftfulDataManagers */; };
		028200B62EA3437B0004887E /* SwiftfulDataManagersFirebase in Frameworks */ = {isa = PBXBuildFile; productRef = 028200B52EA3437B0004887E /* SwiftfulDataManagersFirebase */; };
		028744422D3396FC00C2C3E1 /* SwiftfulHaptics in Frameworks */ = {isa = PBXBuildFile; productRef = 028744412D3396FC00C2C3E1 /* SwiftfulHaptics */; };
		028744482D33A58F00C2C3E1 /* SwiftfulSoundEffects in Frameworks */ = {isa = PBXBuildFile; productRef = 028744472D33A58F00C2C3E1 /* SwiftfulSoundEffects */; };
		028F9B862CECF666009B9F48 /* SwiftfulUtilities in Frameworks */ = {isa = PBXBuildFile; productRef = 028F9B852CECF666009B9F48 /* SwiftfulUtilities */; };
		028F9BC52CED14CA009B9F48 /* SwiftfulLogging in Frameworks */ = {isa = PBXBuildFile; productRef = 028F9BC42CED14CA009B9F48 /* SwiftfulLogging */; };
		028F9BCE2CED152A009B9F48 /* SwiftfulLoggingMixpanel in Frameworks */ = {isa = PBXBuildFile; productRef = 028F9BCD2CED152A009B9F48 /* SwiftfulLoggingMixpanel */; };
		028F9BD12CED1539009B9F48 /* SwiftfulPurchasing in Frameworks */ = {isa = PBXBuildFile; productRef = 028F9BD02CED1539009B9F48 /* SwiftfulPurchasing */; };
		028F9BD42CED1547009B9F48 /* SwiftfulPurchasingRevenueCat in Frameworks */ = {isa = PBXBuildFile; productRef = 028F9BD32CED1547009B9F48 /* SwiftfulPurchasingRevenueCat */; };
		028F9BD72CED155A009B9F48 /* SwiftfulAuthUI in Frameworks */ = {isa = PBXBuildFile; productRef = 028F9BD62CED155A009B9F48 /* SwiftfulAuthUI */; };
		028F9BD92CED155A009B9F48 /* SwiftfulAuthenticating in Frameworks */ = {isa = PBXBuildFile; productRef = 028F9BD82CED155A009B9F48 /* SwiftfulAuthenticating */; };
		028F9BDF2CED1617009B9F48 /* SwiftfulUI in Frameworks */ = {isa = PBXBuildFile; productRef = 028F9BDE2CED1617009B9F48 /* SwiftfulUI */; };
		02B62BA22E662DC3008FB7FF /* FirebaseMessaging in Frameworks */ = {isa = PBXBuildFile; productRef = 02B62BA12E662DC3008FB7FF /* FirebaseMessaging */; };
		02B62BA52E662DD7008FB7FF /* SwiftfulAuthenticatingFirebase in Frameworks */ = {isa = PBXBuildFile; productRef = 02B62BA42E662DD7008FB7FF /* SwiftfulAuthenticatingFirebase */; };
		02B62BA82E662DE7008FB7FF /* SwiftfulLoggingFirebaseAnalytics in Frameworks */ = {isa = PBXBuildFile; productRef = 02B62BA72E662DE7008FB7FF /* SwiftfulLoggingFirebaseAnalytics */; };
		02B62BAB2E662DF3008FB7FF /* SwiftfulLoggingFirebaseCrashlytics in Frameworks */ = {isa = PBXBuildFile; productRef = 02B62BAA2E662DF3008FB7FF /* SwiftfulLoggingFirebaseCrashlytics */; };
		02B62BAE2E662E14008FB7FF /* SwiftfulFirestore in Frameworks */ = {isa = PBXBuildFile; productRef = 02B62BAD2E662E14008FB7FF /* SwiftfulFirestore */; };
		02B62BB02E662E60008FB7FF /* FirebaseRemoteConfig in Frameworks */ = {isa = PBXBuildFile; productRef = 02B62BAF2E662E60008FB7FF /* FirebaseRemoteConfig */; };
		02B62BB22E662E85008FB7FF /* FirebaseStorage in Frameworks */ = {isa = PBXBuildFile; productRef = 02B62BB12E662E85008FB7FF /* FirebaseStorage */; };
/* End PBXBuildFile section */

/* Begin PBXContainerItemProxy section */
		022958352CEE7FEF00765488 /* PBXContainerItemProxy */ = {
			isa = PBXContainerItemProxy;
			containerPortal = 028F9B4B2CECF2C2009B9F48 /* Project object */;
			proxyType = 1;
			remoteGlobalIDString = 028F9B522CECF2C2009B9F48;
			remoteInfo = CleanTemplate;
		};
		022958432CEE7FF900765488 /* PBXContainerItemProxy */ = {
			isa = PBXContainerItemProxy;
			containerPortal = 028F9B4B2CECF2C2009B9F48 /* Project object */;
			proxyType = 1;
			remoteGlobalIDString = 028F9B522CECF2C2009B9F48;
			remoteInfo = CleanTemplate;
		};
/* End PBXContainerItemProxy section */

/* Begin PBXFileReference section */
		0229582F2CEE7FEF00765488 /* CleanTemplateUITests.xctest */ = {isa = PBXFileReference; explicitFileType = wrapper.cfbundle; includeInIndex = 0; path = CleanTemplateUITests.xctest; sourceTree = BUILT_PRODUCTS_DIR; };
		0229583F2CEE7FF900765488 /* CleanTemplateUnitTests.xctest */ = {isa = PBXFileReference; explicitFileType = wrapper.cfbundle; includeInIndex = 0; path = CleanTemplateUnitTests.xctest; sourceTree = BUILT_PRODUCTS_DIR; };
		028F9B532CECF2C2009B9F48 /* CleanTemplate.app */ = {isa = PBXFileReference; explicitFileType = wrapper.application; includeInIndex = 0; path = CleanTemplate.app; sourceTree = BUILT_PRODUCTS_DIR; };
/* End PBXFileReference section */

/* Begin PBXFileSystemSynchronizedBuildFileExceptionSet section */
		028743182D336F3800C2C3E1 /* Exceptions for "CleanTemplate" folder in "CleanTemplate" target */ = {
			isa = PBXFileSystemSynchronizedBuildFileExceptionSet;
			membershipExceptions = (
				Info.plist,
			);
			target = 028F9B522CECF2C2009B9F48 /* CleanTemplate */;
		};
/* End PBXFileSystemSynchronizedBuildFileExceptionSet section */

/* Begin PBXFileSystemSynchronizedRootGroup section */
		022958302CEE7FEF00765488 /* CleanTemplateUITests */ = {
			isa = PBXFileSystemSynchronizedRootGroup;
			path = CleanTemplateUITests;
			sourceTree = "<group>";
		};
		022958402CEE7FF900765488 /* CleanTemplateUnitTests */ = {
			isa = PBXFileSystemSynchronizedRootGroup;
			path = CleanTemplateUnitTests;
			sourceTree = "<group>";
		};
		028F9B552CECF2C2009B9F48 /* CleanTemplate */ = {
			isa = PBXFileSystemSynchronizedRootGroup;
			exceptions = (
				028743182D336F3800C2C3E1 /* Exceptions for "CleanTemplate" folder in "CleanTemplate" target */,
			);
			path = CleanTemplate;
			sourceTree = "<group>";
		};
/* End PBXFileSystemSynchronizedRootGroup section */

/* Begin PBXFrameworksBuildPhase section */
		0229582C2CEE7FEF00765488 /* Frameworks */ = {
			isa = PBXFrameworksBuildPhase;
			buildActionMask = 2147483647;
			files = (
			);
			runOnlyForDeploymentPostprocessing = 0;
		};
		0229583C2CEE7FF900765488 /* Frameworks */ = {
			isa = PBXFrameworksBuildPhase;
			buildActionMask = 2147483647;
			files = (
			);
			runOnlyForDeploymentPostprocessing = 0;
		};
		028F9B502CECF2C2009B9F48 /* Frameworks */ = {
			isa = PBXFrameworksBuildPhase;
			buildActionMask = 2147483647;
			files = (
				028F9BDF2CED1617009B9F48 /* SwiftfulUI in Frameworks */,
				028744422D3396FC00C2C3E1 /* SwiftfulHaptics in Frameworks */,
				028F9BCE2CED152A009B9F48 /* SwiftfulLoggingMixpanel in Frameworks */,
				02B62BAB2E662DF3008FB7FF /* SwiftfulLoggingFirebaseCrashlytics in Frameworks */,
				02B62BA52E662DD7008FB7FF /* SwiftfulAuthenticatingFirebase in Frameworks */,
				028744482D33A58F00C2C3E1 /* SwiftfulSoundEffects in Frameworks */,
				0229588C2CEE932F00765488 /* SDWebImageSwiftUI in Frameworks */,
				028F9B862CECF666009B9F48 /* SwiftfulUtilities in Frameworks */,
				0207BD952EA0958200E46D93 /* SwiftfulGamificationFirebase in Frameworks */,
				0207BD982EA0958B00E46D93 /* SwiftfulGamification in Frameworks */,
				028200B32EA3434D0004887E /* SwiftfulDataManagers in Frameworks */,
				028F9BD72CED155A009B9F48 /* SwiftfulAuthUI in Frameworks */,
				02B62BB22E662E85008FB7FF /* FirebaseStorage in Frameworks */,
				02B62BB02E662E60008FB7FF /* FirebaseRemoteConfig in Frameworks */,
				028F9BD12CED1539009B9F48 /* SwiftfulPurchasing in Frameworks */,
				02B62BA22E662DC3008FB7FF /* FirebaseMessaging in Frameworks */,
				028F9BC52CED14CA009B9F48 /* SwiftfulLogging in Frameworks */,
				0200345B2EAC73C700D87C8F /* SwiftfulOnboarding in Frameworks */,
				028200B62EA3437B0004887E /* SwiftfulDataManagersFirebase in Frameworks */,
				028F9BD42CED1547009B9F48 /* SwiftfulPurchasingRevenueCat in Frameworks */,
				028F9BD92CED155A009B9F48 /* SwiftfulAuthenticating in Frameworks */,
				02B62BA82E662DE7008FB7FF /* SwiftfulLoggingFirebaseAnalytics in Frameworks */,
				0210A6CA2DB4DCE40072B2FC /* SwiftfulRouting in Frameworks */,
				02B62BAE2E662E14008FB7FF /* SwiftfulFirestore in Frameworks */,
			);
			runOnlyForDeploymentPostprocessing = 0;
		};
/* End PBXFrameworksBuildPhase section */

/* Begin PBXGroup section */
		028F9B4A2CECF2C2009B9F48 = {
			isa = PBXGroup;
			children = (
				028F9B552CECF2C2009B9F48 /* CleanTemplate */,
				022958302CEE7FEF00765488 /* CleanTemplateUITests */,
				022958402CEE7FF900765488 /* CleanTemplateUnitTests */,
				028F9C2B2CED2D0D009B9F48 /* Frameworks */,
				028F9B542CECF2C2009B9F48 /* Products */,
			);
			sourceTree = "<group>";
		};
		028F9B542CECF2C2009B9F48 /* Products */ = {
			isa = PBXGroup;
			children = (
				028F9B532CECF2C2009B9F48 /* CleanTemplate.app */,
				0229582F2CEE7FEF00765488 /* CleanTemplateUITests.xctest */,
				0229583F2CEE7FF900765488 /* CleanTemplateUnitTests.xctest */,
			);
			name = Products;
			sourceTree = "<group>";
		};
		028F9C2B2CED2D0D009B9F48 /* Frameworks */ = {
			isa = PBXGroup;
			children = (
			);
			name = Frameworks;
			sourceTree = "<group>";
		};
/* End PBXGroup section */

/* Begin PBXNativeTarget section */
		0229582E2CEE7FEF00765488 /* CleanTemplateUITests */ = {
			isa = PBXNativeTarget;
			buildConfigurationList = 022958372CEE7FEF00765488 /* Build configuration list for PBXNativeTarget "CleanTemplateUITests" */;
			buildPhases = (
				0229582B2CEE7FEF00765488 /* Sources */,
				0229582C2CEE7FEF00765488 /* Frameworks */,
				0229582D2CEE7FEF00765488 /* Resources */,
			);
			buildRules = (
			);
			dependencies = (
				022958362CEE7FEF00765488 /* PBXTargetDependency */,
			);
			fileSystemSynchronizedGroups = (
				022958302CEE7FEF00765488 /* CleanTemplateUITests */,
			);
			name = CleanTemplateUITests;
			packageProductDependencies = (
			);
			productName = CleanTemplateUITests;
			productReference = 0229582F2CEE7FEF00765488 /* CleanTemplateUITests.xctest */;
			productType = "com.apple.product-type.bundle.ui-testing";
		};
		0229583E2CEE7FF900765488 /* CleanTemplateUnitTests */ = {
			isa = PBXNativeTarget;
			buildConfigurationList = 022958452CEE7FF900765488 /* Build configuration list for PBXNativeTarget "CleanTemplateUnitTests" */;
			buildPhases = (
				0229583B2CEE7FF900765488 /* Sources */,
				0229583C2CEE7FF900765488 /* Frameworks */,
				0229583D2CEE7FF900765488 /* Resources */,
			);
			buildRules = (
			);
			dependencies = (
				022958442CEE7FF900765488 /* PBXTargetDependency */,
			);
			fileSystemSynchronizedGroups = (
				022958402CEE7FF900765488 /* CleanTemplateUnitTests */,
			);
			name = CleanTemplateUnitTests;
			packageProductDependencies = (
			);
			productName = CleanTemplateUnitTests;
			productReference = 0229583F2CEE7FF900765488 /* CleanTemplateUnitTests.xctest */;
			productType = "com.apple.product-type.bundle.unit-test";
		};
		028F9B522CECF2C2009B9F48 /* CleanTemplate */ = {
			isa = PBXNativeTarget;
			buildConfigurationList = 028F9B782CECF2C4009B9F48 /* Build configuration list for PBXNativeTarget "CleanTemplate" */;
			buildPhases = (
				028F9B4F2CECF2C2009B9F48 /* Sources */,
				028F9B502CECF2C2009B9F48 /* Frameworks */,
				028F9B512CECF2C2009B9F48 /* Resources */,
				022958C32CEFA29900765488 /* ShellScript */,
				022958C42CEFA2DB00765488 /* ShellScript */,
			);
			buildRules = (
			);
			dependencies = (
			);
			fileSystemSynchronizedGroups = (
				028F9B552CECF2C2009B9F48 /* CleanTemplate */,
			);
			name = CleanTemplate;
			packageProductDependencies = (
				028F9B852CECF666009B9F48 /* SwiftfulUtilities */,
				028F9BC42CED14CA009B9F48 /* SwiftfulLogging */,
				028F9BCD2CED152A009B9F48 /* SwiftfulLoggingMixpanel */,
				028F9BD02CED1539009B9F48 /* SwiftfulPurchasing */,
				028F9BD32CED1547009B9F48 /* SwiftfulPurchasingRevenueCat */,
				028F9BD62CED155A009B9F48 /* SwiftfulAuthUI */,
				028F9BD82CED155A009B9F48 /* SwiftfulAuthenticating */,
				028F9BDE2CED1617009B9F48 /* SwiftfulUI */,
				0229588B2CEE932F00765488 /* SDWebImageSwiftUI */,
				028744412D3396FC00C2C3E1 /* SwiftfulHaptics */,
				028744472D33A58F00C2C3E1 /* SwiftfulSoundEffects */,
				0210A6C92DB4DCE40072B2FC /* SwiftfulRouting */,
				02B62BA12E662DC3008FB7FF /* FirebaseMessaging */,
				02B62BA42E662DD7008FB7FF /* SwiftfulAuthenticatingFirebase */,
				02B62BA72E662DE7008FB7FF /* SwiftfulLoggingFirebaseAnalytics */,
				02B62BAA2E662DF3008FB7FF /* SwiftfulLoggingFirebaseCrashlytics */,
				02B62BAD2E662E14008FB7FF /* SwiftfulFirestore */,
				02B62BAF2E662E60008FB7FF /* FirebaseRemoteConfig */,
				02B62BB12E662E85008FB7FF /* FirebaseStorage */,
				0207BD942EA0958200E46D93 /* SwiftfulGamificationFirebase */,
				0207BD972EA0958B00E46D93 /* SwiftfulGamification */,
				028200B22EA3434D0004887E /* SwiftfulDataManagers */,
				028200B52EA3437B0004887E /* SwiftfulDataManagersFirebase */,
				0200345A2EAC73C700D87C8F /* SwiftfulOnboarding */,
			);
			productName = CleanTemplate;
			productReference = 028F9B532CECF2C2009B9F48 /* CleanTemplate.app */;
			productType = "com.apple.product-type.application";
		};
/* End PBXNativeTarget section */

/* Begin PBXProject section */
		028F9B4B2CECF2C2009B9F48 /* Project object */ = {
			isa = PBXProject;
			attributes = {
				BuildIndependentTargetsInParallel = 1;
				LastSwiftUpdateCheck = 1600;
				LastUpgradeCheck = 2600;
				TargetAttributes = {
					0229582E2CEE7FEF00765488 = {
						CreatedOnToolsVersion = 16.0;
						TestTargetID = 028F9B522CECF2C2009B9F48;
					};
					0229583E2CEE7FF900765488 = {
						CreatedOnToolsVersion = 16.0;
						TestTargetID = 028F9B522CECF2C2009B9F48;
					};
					028F9B522CECF2C2009B9F48 = {
						CreatedOnToolsVersion = 16.0;
					};
				};
			};
			buildConfigurationList = 028F9B4E2CECF2C2009B9F48 /* Build configuration list for PBXProject "CleanTemplate" */;
			developmentRegion = en;
			hasScannedForEncodings = 0;
			knownRegions = (
				en,
				Base,
			);
			mainGroup = 028F9B4A2CECF2C2009B9F48;
			minimizedProjectReferenceProxies = 1;
			packageReferences = (
				028F9B842CECF666009B9F48 /* XCRemoteSwiftPackageReference "SwiftfulUtilities" */,
				028F9BC32CED14CA009B9F48 /* XCRemoteSwiftPackageReference "SwiftfulLogging" */,
				028F9BCC2CED152A009B9F48 /* XCRemoteSwiftPackageReference "SwiftfulLoggingMixpanel" */,
				028F9BCF2CED1539009B9F48 /* XCRemoteSwiftPackageReference "SwiftfulPurchasing" */,
				028F9BD22CED1547009B9F48 /* XCRemoteSwiftPackageReference "SwiftfulPurchasingRevenueCat" */,
				028F9BD52CED155A009B9F48 /* XCRemoteSwiftPackageReference "SwiftfulAuthenticating" */,
				028F9BDD2CED1617009B9F48 /* XCRemoteSwiftPackageReference "SwiftfulUI" */,
				0229588A2CEE932F00765488 /* XCRemoteSwiftPackageReference "SDWebImageSwiftUI" */,
				028744402D3396FC00C2C3E1 /* XCRemoteSwiftPackageReference "SwiftfulHaptics" */,
				028744462D33A58F00C2C3E1 /* XCRemoteSwiftPackageReference "SwiftfulSoundEffects" */,
				0210A6C82DB4DCE40072B2FC /* XCRemoteSwiftPackageReference "SwiftfulRouting" */,
				02B62BA02E662DC3008FB7FF /* XCRemoteSwiftPackageReference "firebase-ios-sdk" */,
				02B62BA32E662DD7008FB7FF /* XCRemoteSwiftPackageReference "SwiftfulAuthenticatingFirebase" */,
				02B62BA62E662DE7008FB7FF /* XCRemoteSwiftPackageReference "SwiftfulLoggingFirebaseAnalytics" */,
				02B62BA92E662DF3008FB7FF /* XCRemoteSwiftPackageReference "SwiftfulLoggingFirebaseCrashlytics" */,
				02B62BAC2E662E14008FB7FF /* XCRemoteSwiftPackageReference "SwiftfulFirestore" */,
				0207BD932EA0958200E46D93 /* XCRemoteSwiftPackageReference "SwiftfulGamificationFirebase" */,
				0207BD962EA0958B00E46D93 /* XCRemoteSwiftPackageReference "SwiftfulGamification" */,
				028200B12EA3434D0004887E /* XCRemoteSwiftPackageReference "SwiftfulDataManagers" */,
				028200B42EA3437B0004887E /* XCRemoteSwiftPackageReference "SwiftfulDataManagersFirebase" */,
				020034592EAC73C700D87C8F /* XCRemoteSwiftPackageReference "SwiftfulOnboarding" */,
			);
			preferredProjectObjectVersion = 77;
			productRefGroup = 028F9B542CECF2C2009B9F48 /* Products */;
			projectDirPath = "";
			projectRoot = "";
			targets = (
				028F9B522CECF2C2009B9F48 /* CleanTemplate */,
				0229582E2CEE7FEF00765488 /* CleanTemplateUITests */,
				0229583E2CEE7FF900765488 /* CleanTemplateUnitTests */,
			);
		};
/* End PBXProject section */

/* Begin PBXResourcesBuildPhase section */
		0229582D2CEE7FEF00765488 /* Resources */ = {
			isa = PBXResourcesBuildPhase;
			buildActionMask = 2147483647;
			files = (
			);
			runOnlyForDeploymentPostprocessing = 0;
		};
		0229583D2CEE7FF900765488 /* Resources */ = {
			isa = PBXResourcesBuildPhase;
			buildActionMask = 2147483647;
			files = (
			);
			runOnlyForDeploymentPostprocessing = 0;
		};
		028F9B512CECF2C2009B9F48 /* Resources */ = {
			isa = PBXResourcesBuildPhase;
			buildActionMask = 2147483647;
			files = (
			);
			runOnlyForDeploymentPostprocessing = 0;
		};
/* End PBXResourcesBuildPhase section */

/* Begin PBXShellScriptBuildPhase section */
		022958C32CEFA29900765488 /* ShellScript */ = {
			isa = PBXShellScriptBuildPhase;
			alwaysOutOfDate = 1;
			buildActionMask = 2147483647;
			files = (
			);
			inputFileListPaths = (
			);
			inputPaths = (
			);
			outputFileListPaths = (
			);
			outputPaths = (
			);
			runOnlyForDeploymentPostprocessing = 0;
			shellPath = /bin/sh;
			shellScript = "# Check if running Xcode Cloud\nif [[ -z \"$CI\" ]]; then\n    if [[ \"$(uname -m)\" == arm64 ]]; then\n        export PATH=\"/opt/homebrew/bin:$PATH\"\n    fi\n\n    # Check if running in a SwiftUI preview\n    if [ \"$XCODE_RUNNING_FOR_PREVIEWS\" != \"1\" ]; then\n        if which swiftlint > /dev/null; then\n            swiftlint # Uncomment if you want to auto-fix: swiftlint --fix &&\n        else\n            echo \"warning: SwiftLint not installed, install it via HomeBrew.\"\n        fi\n    fi\nelse \n    # Running Xcode Cloud\n    echo \"Running in Xcode Cloud. Skipping SwiftLint.\"\nfi\n";
			showEnvVarsInLog = 0;
		};
		022958C42CEFA2DB00765488 /* ShellScript */ = {
			isa = PBXShellScriptBuildPhase;
			alwaysOutOfDate = 1;
			buildActionMask = 2147483647;
			files = (
			);
			inputFileListPaths = (
			);
			inputPaths = (
				"${DWARF_DSYM_FOLDER_PATH}/${DWARF_DSYM_FILE_NAME}",
				"${DWARF_DSYM_FOLDER_PATH}/${DWARF_DSYM_FILE_NAME}/Contents/Resources/DWARF/${PRODUCT_NAME}",
				"${DWARF_DSYM_FOLDER_PATH}/${DWARF_DSYM_FILE_NAME}/Contents/Info.plist",
				"$(TARGET_BUILD_DIR)/$(UNLOCALIZED_RESOURCES_FOLDER_PATH)/GoogleService-Info.plist",
				"$(TARGET_BUILD_DIR)/$(EXECUTABLE_PATH)",
			);
			outputFileListPaths = (
			);
			outputPaths = (
			);
			runOnlyForDeploymentPostprocessing = 0;
			shellPath = /bin/sh;
			shellScript = "if [ \"${CONFIGURATION}\" == \"Debug\" ]; then\n  GOOGLE_SERVICE_INFO_PLIST=\"${PROJECT_DIR}/CleanTemplate/SupportingFiles/GoogleServicePLists/GoogleService-Info-Dev.plist\"\nelif [ \"${CONFIGURATION}\" == \"Mock\" ]; then\n  echo \"Skipping Crashlytics upload for Mock configuration.\"\n  exit 0  # Use `exit 0` if `return` does not work in your environment\nelif [ \"${CONFIGURATION}\" == \"Release\" ]; then\n  GOOGLE_SERVICE_INFO_PLIST=\"${PROJECT_DIR}/CleanTemplate/SupportingFiles/GoogleServicePLists/GoogleService-Info-Prod.plist\"\nelse\n  echo \"No matching build configuration found for GoogleService-Info.plist!\"\n  exit 1\nfi\n\n# Run the Crashlytics script with the selected plist file\n\"${BUILD_DIR%/Build/*}/SourcePackages/checkouts/firebase-ios-sdk/Crashlytics/run\" -gsp \"${GOOGLE_SERVICE_INFO_PLIST}\"\n\n\n";
		};
/* End PBXShellScriptBuildPhase section */

/* Begin PBXSourcesBuildPhase section */
		0229582B2CEE7FEF00765488 /* Sources */ = {
			isa = PBXSourcesBuildPhase;
			buildActionMask = 2147483647;
			files = (
			);
			runOnlyForDeploymentPostprocessing = 0;
		};
		0229583B2CEE7FF900765488 /* Sources */ = {
			isa = PBXSourcesBuildPhase;
			buildActionMask = 2147483647;
			files = (
			);
			runOnlyForDeploymentPostprocessing = 0;
		};
		028F9B4F2CECF2C2009B9F48 /* Sources */ = {
			isa = PBXSourcesBuildPhase;
			buildActionMask = 2147483647;
			files = (
			);
			runOnlyForDeploymentPostprocessing = 0;
		};
/* End PBXSourcesBuildPhase section */

/* Begin PBXTargetDependency section */
		022958362CEE7FEF00765488 /* PBXTargetDependency */ = {
			isa = PBXTargetDependency;
			target = 028F9B522CECF2C2009B9F48 /* CleanTemplate */;
			targetProxy = 022958352CEE7FEF00765488 /* PBXContainerItemProxy */;
		};
		022958442CEE7FF900765488 /* PBXTargetDependency */ = {
			isa = PBXTargetDependency;
			target = 028F9B522CECF2C2009B9F48 /* CleanTemplate */;
			targetProxy = 022958432CEE7FF900765488 /* PBXContainerItemProxy */;
		};
/* End PBXTargetDependency section */

/* Begin XCBuildConfiguration section */
		022958172CEE4BB000765488 /* Mock */ = {
			isa = XCBuildConfiguration;
			buildSettings = {
				ALWAYS_SEARCH_USER_PATHS = NO;
				ASSETCATALOG_COMPILER_GENERATE_SWIFT_ASSET_SYMBOL_EXTENSIONS = YES;
				CLANG_ANALYZER_NONNULL = YES;
				CLANG_ANALYZER_NUMBER_OBJECT_CONVERSION = YES_AGGRESSIVE;
				CLANG_CXX_LANGUAGE_STANDARD = "gnu++20";
				CLANG_ENABLE_MODULES = YES;
				CLANG_ENABLE_OBJC_ARC = YES;
				CLANG_ENABLE_OBJC_WEAK = YES;
				CLANG_WARN_BLOCK_CAPTURE_AUTORELEASING = YES;
				CLANG_WARN_BOOL_CONVERSION = YES;
				CLANG_WARN_COMMA = YES;
				CLANG_WARN_CONSTANT_CONVERSION = YES;
				CLANG_WARN_DEPRECATED_OBJC_IMPLEMENTATIONS = YES;
				CLANG_WARN_DIRECT_OBJC_ISA_USAGE = YES_ERROR;
				CLANG_WARN_DOCUMENTATION_COMMENTS = YES;
				CLANG_WARN_EMPTY_BODY = YES;
				CLANG_WARN_ENUM_CONVERSION = YES;
				CLANG_WARN_INFINITE_RECURSION = YES;
				CLANG_WARN_INT_CONVERSION = YES;
				CLANG_WARN_NON_LITERAL_NULL_CONVERSION = YES;
				CLANG_WARN_OBJC_IMPLICIT_RETAIN_SELF = YES;
				CLANG_WARN_OBJC_LITERAL_CONVERSION = YES;
				CLANG_WARN_OBJC_ROOT_CLASS = YES_ERROR;
				CLANG_WARN_QUOTED_INCLUDE_IN_FRAMEWORK_HEADER = YES;
				CLANG_WARN_RANGE_LOOP_ANALYSIS = YES;
				CLANG_WARN_STRICT_PROTOTYPES = YES;
				CLANG_WARN_SUSPICIOUS_MOVE = YES;
				CLANG_WARN_UNGUARDED_AVAILABILITY = YES_AGGRESSIVE;
				CLANG_WARN_UNREACHABLE_CODE = YES;
				CLANG_WARN__DUPLICATE_METHOD_MATCH = YES;
				COPY_PHASE_STRIP = NO;
				DEAD_CODE_STRIPPING = YES;
				DEBUG_INFORMATION_FORMAT = dwarf;
				ENABLE_STRICT_OBJC_MSGSEND = YES;
				ENABLE_TESTABILITY = YES;
				ENABLE_USER_SCRIPT_SANDBOXING = YES;
				GCC_C_LANGUAGE_STANDARD = gnu17;
				GCC_DYNAMIC_NO_PIC = NO;
				GCC_NO_COMMON_BLOCKS = YES;
				GCC_OPTIMIZATION_LEVEL = 0;
				GCC_PREPROCESSOR_DEFINITIONS = (
					"DEBUG=1",
					"$(inherited)",
				);
				GCC_WARN_64_TO_32_BIT_CONVERSION = YES;
				GCC_WARN_ABOUT_RETURN_TYPE = YES_ERROR;
				GCC_WARN_UNDECLARED_SELECTOR = YES;
				GCC_WARN_UNINITIALIZED_AUTOS = YES_AGGRESSIVE;
				GCC_WARN_UNUSED_FUNCTION = YES;
				GCC_WARN_UNUSED_VARIABLE = YES;
				LOCALIZATION_PREFERS_STRING_CATALOGS = YES;
				MTL_ENABLE_DEBUG_INFO = INCLUDE_SOURCE;
				MTL_FAST_MATH = YES;
				ONLY_ACTIVE_ARCH = YES;
				STRING_CATALOG_GENERATE_SYMBOLS = YES;
				SWIFT_ACTIVE_COMPILATION_CONDITIONS = "DEBUG $(inherited)";
				SWIFT_OPTIMIZATION_LEVEL = "-Onone";
			};
			name = Mock;
		};
		022958182CEE4BB000765488 /* Mock */ = {
			isa = XCBuildConfiguration;
			buildSettings = {
				ASSETCATALOG_COMPILER_APPICON_NAME = AppIcon;
				ASSETCATALOG_COMPILER_GLOBAL_ACCENT_COLOR_NAME = AccentColor;
				CODE_SIGN_ENTITLEMENTS = CleanTemplate/SupportingFiles/CleanTemplate.entitlements;
				CODE_SIGN_STYLE = Automatic;
				CURRENT_PROJECT_VERSION = 1;
				DEAD_CODE_STRIPPING = YES;
				DEBUG_INFORMATION_FORMAT = "dwarf-with-dsym";
				DEVELOPMENT_ASSET_PATHS = "\"CleanTemplate/SupportingFiles/Preview Content\"";
				DEVELOPMENT_TEAM = "";
				ENABLE_APP_SANDBOX = YES;
				ENABLE_HARDENED_RUNTIME = YES;
				ENABLE_PREVIEWS = YES;
				ENABLE_USER_SCRIPT_SANDBOXING = NO;
				ENABLE_USER_SELECTED_FILES = readonly;
				GENERATE_INFOPLIST_FILE = YES;
				INFOPLIST_FILE = CleanTemplate/Info.plist;
				INFOPLIST_KEY_CFBundleDisplayName = "CleanTemplate - Dev";
				"INFOPLIST_KEY_UIApplicationSceneManifest_Generation[sdk=iphoneos*]" = YES;
				"INFOPLIST_KEY_UIApplicationSceneManifest_Generation[sdk=iphonesimulator*]" = YES;
				"INFOPLIST_KEY_UIApplicationSupportsIndirectInputEvents[sdk=iphoneos*]" = YES;
				"INFOPLIST_KEY_UIApplicationSupportsIndirectInputEvents[sdk=iphonesimulator*]" = YES;
				"INFOPLIST_KEY_UILaunchScreen_Generation[sdk=iphoneos*]" = YES;
				"INFOPLIST_KEY_UILaunchScreen_Generation[sdk=iphonesimulator*]" = YES;
				INFOPLIST_KEY_UILaunchStoryboardName = LaunchScreen;
				"INFOPLIST_KEY_UIStatusBarStyle[sdk=iphoneos*]" = UIStatusBarStyleDefault;
				"INFOPLIST_KEY_UIStatusBarStyle[sdk=iphonesimulator*]" = UIStatusBarStyleDefault;
				INFOPLIST_KEY_UISupportedInterfaceOrientations_iPad = "UIInterfaceOrientationPortrait UIInterfaceOrientationPortraitUpsideDown UIInterfaceOrientationLandscapeLeft UIInterfaceOrientationLandscapeRight";
				INFOPLIST_KEY_UISupportedInterfaceOrientations_iPhone = "UIInterfaceOrientationPortrait UIInterfaceOrientationLandscapeLeft UIInterfaceOrientationLandscapeRight";
				IPHONEOS_DEPLOYMENT_TARGET = 18.0;
				LD_RUNPATH_SEARCH_PATHS = "@executable_path/Frameworks";
				"LD_RUNPATH_SEARCH_PATHS[sdk=macosx*]" = "@executable_path/../Frameworks";
				MACOSX_DEPLOYMENT_TARGET = 14.5;
				MARKETING_VERSION = 1.0;
				OTHER_SWIFT_FLAGS = "-DMOCK";
				PRODUCT_BUNDLE_IDENTIFIER = com.organization.CleanTemplate.mock;
				PRODUCT_NAME = "$(TARGET_NAME)";
				SDKROOT = auto;
				SUPPORTED_PLATFORMS = "iphoneos iphonesimulator macosx xros xrsimulator";
				SWIFT_EMIT_LOC_STRINGS = YES;
				SWIFT_VERSION = 6.0;
				TARGETED_DEVICE_FAMILY = "1,2,7";
				XROS_DEPLOYMENT_TARGET = 2.0;
			};
			name = Mock;
		};
		022958382CEE7FEF00765488 /* Debug */ = {
			isa = XCBuildConfiguration;
			buildSettings = {
				CODE_SIGN_STYLE = Automatic;
				CURRENT_PROJECT_VERSION = 1;
				DEVELOPMENT_TEAM = 9JN8RSJMX3;
				ENABLE_USER_SCRIPT_SANDBOXING = NO;
				GENERATE_INFOPLIST_FILE = YES;
				IPHONEOS_DEPLOYMENT_TARGET = 18.0;
				MARKETING_VERSION = 1.0;
				PRODUCT_BUNDLE_IDENTIFIER = com.swiftfulthinking.CleanTemplateUITests;
				PRODUCT_NAME = "$(TARGET_NAME)";
				SDKROOT = iphoneos;
				SWIFT_EMIT_LOC_STRINGS = NO;
				SWIFT_VERSION = 5.0;
				TARGETED_DEVICE_FAMILY = "1,2";
				TEST_TARGET_NAME = CleanTemplate;
			};
			name = Debug;
		};
		022958392CEE7FEF00765488 /* Mock */ = {
			isa = XCBuildConfiguration;
			buildSettings = {
				CODE_SIGN_STYLE = Automatic;
				CURRENT_PROJECT_VERSION = 1;
				DEVELOPMENT_TEAM = 9JN8RSJMX3;
				ENABLE_USER_SCRIPT_SANDBOXING = NO;
				GENERATE_INFOPLIST_FILE = YES;
				IPHONEOS_DEPLOYMENT_TARGET = 18.0;
				MARKETING_VERSION = 1.0;
				PRODUCT_BUNDLE_IDENTIFIER = com.swiftfulthinking.CleanTemplateUITests;
				PRODUCT_NAME = "$(TARGET_NAME)";
				SDKROOT = iphoneos;
				SWIFT_EMIT_LOC_STRINGS = NO;
				SWIFT_VERSION = 5.0;
				TARGETED_DEVICE_FAMILY = "1,2";
				TEST_TARGET_NAME = CleanTemplate;
				VALIDATE_PRODUCT = YES;
			};
			name = Mock;
		};
		0229583A2CEE7FEF00765488 /* Release */ = {
			isa = XCBuildConfiguration;
			buildSettings = {
				CODE_SIGN_STYLE = Automatic;
				CURRENT_PROJECT_VERSION = 1;
				DEVELOPMENT_TEAM = 9JN8RSJMX3;
				ENABLE_USER_SCRIPT_SANDBOXING = NO;
				GENERATE_INFOPLIST_FILE = YES;
				IPHONEOS_DEPLOYMENT_TARGET = 18.0;
				MARKETING_VERSION = 1.0;
				PRODUCT_BUNDLE_IDENTIFIER = com.swiftfulthinking.CleanTemplateUITests;
				PRODUCT_NAME = "$(TARGET_NAME)";
				SDKROOT = iphoneos;
				SWIFT_EMIT_LOC_STRINGS = NO;
				SWIFT_VERSION = 5.0;
				TARGETED_DEVICE_FAMILY = "1,2";
				TEST_TARGET_NAME = CleanTemplate;
				VALIDATE_PRODUCT = YES;
			};
			name = Release;
		};
		022958462CEE7FF900765488 /* Debug */ = {
			isa = XCBuildConfiguration;
			buildSettings = {
				BUNDLE_LOADER = "$(TEST_HOST)";
				CODE_SIGN_STYLE = Automatic;
				CURRENT_PROJECT_VERSION = 1;
				DEVELOPMENT_TEAM = 9JN8RSJMX3;
				ENABLE_USER_SCRIPT_SANDBOXING = NO;
				GENERATE_INFOPLIST_FILE = YES;
				IPHONEOS_DEPLOYMENT_TARGET = 18.0;
				MARKETING_VERSION = 1.0;
				PRODUCT_BUNDLE_IDENTIFIER = com.swiftfulthinking.CleanTemplateUnitTests;
				PRODUCT_NAME = "$(TARGET_NAME)";
				SDKROOT = iphoneos;
				SWIFT_EMIT_LOC_STRINGS = NO;
				SWIFT_VERSION = 5.0;
				TARGETED_DEVICE_FAMILY = "1,2";
				TEST_HOST = "$(BUILT_PRODUCTS_DIR)/CleanTemplate.app/$(BUNDLE_EXECUTABLE_FOLDER_PATH)/CleanTemplate";
			};
			name = Debug;
		};
		022958472CEE7FF900765488 /* Mock */ = {
			isa = XCBuildConfiguration;
			buildSettings = {
				BUNDLE_LOADER = "$(TEST_HOST)";
				CODE_SIGN_STYLE = Automatic;
				CURRENT_PROJECT_VERSION = 1;
				DEVELOPMENT_TEAM = 9JN8RSJMX3;
				ENABLE_USER_SCRIPT_SANDBOXING = NO;
				GENERATE_INFOPLIST_FILE = YES;
				IPHONEOS_DEPLOYMENT_TARGET = 18.0;
				MARKETING_VERSION = 1.0;
				PRODUCT_BUNDLE_IDENTIFIER = com.swiftfulthinking.CleanTemplateUnitTests;
				PRODUCT_NAME = "$(TARGET_NAME)";
				SDKROOT = iphoneos;
				SWIFT_EMIT_LOC_STRINGS = NO;
				SWIFT_VERSION = 5.0;
				TARGETED_DEVICE_FAMILY = "1,2";
				TEST_HOST = "$(BUILT_PRODUCTS_DIR)/CleanTemplate.app/$(BUNDLE_EXECUTABLE_FOLDER_PATH)/CleanTemplate";
				VALIDATE_PRODUCT = YES;
			};
			name = Mock;
		};
		022958482CEE7FF900765488 /* Release */ = {
			isa = XCBuildConfiguration;
			buildSettings = {
				BUNDLE_LOADER = "$(TEST_HOST)";
				CODE_SIGN_STYLE = Automatic;
				CURRENT_PROJECT_VERSION = 1;
				DEVELOPMENT_TEAM = 9JN8RSJMX3;
				ENABLE_USER_SCRIPT_SANDBOXING = NO;
				GENERATE_INFOPLIST_FILE = YES;
				IPHONEOS_DEPLOYMENT_TARGET = 18.0;
				MARKETING_VERSION = 1.0;
				PRODUCT_BUNDLE_IDENTIFIER = com.swiftfulthinking.CleanTemplateUnitTests;
				PRODUCT_NAME = "$(TARGET_NAME)";
				SDKROOT = iphoneos;
				SWIFT_EMIT_LOC_STRINGS = NO;
				SWIFT_VERSION = 5.0;
				TARGETED_DEVICE_FAMILY = "1,2";
				TEST_HOST = "$(BUILT_PRODUCTS_DIR)/CleanTemplate.app/$(BUNDLE_EXECUTABLE_FOLDER_PATH)/CleanTemplate";
				VALIDATE_PRODUCT = YES;
			};
			name = Release;
		};
		028F9B762CECF2C4009B9F48 /* Debug */ = {
			isa = XCBuildConfiguration;
			buildSettings = {
				ALWAYS_SEARCH_USER_PATHS = NO;
				ASSETCATALOG_COMPILER_GENERATE_SWIFT_ASSET_SYMBOL_EXTENSIONS = YES;
				CLANG_ANALYZER_NONNULL = YES;
				CLANG_ANALYZER_NUMBER_OBJECT_CONVERSION = YES_AGGRESSIVE;
				CLANG_CXX_LANGUAGE_STANDARD = "gnu++20";
				CLANG_ENABLE_MODULES = YES;
				CLANG_ENABLE_OBJC_ARC = YES;
				CLANG_ENABLE_OBJC_WEAK = YES;
				CLANG_WARN_BLOCK_CAPTURE_AUTORELEASING = YES;
				CLANG_WARN_BOOL_CONVERSION = YES;
				CLANG_WARN_COMMA = YES;
				CLANG_WARN_CONSTANT_CONVERSION = YES;
				CLANG_WARN_DEPRECATED_OBJC_IMPLEMENTATIONS = YES;
				CLANG_WARN_DIRECT_OBJC_ISA_USAGE = YES_ERROR;
				CLANG_WARN_DOCUMENTATION_COMMENTS = YES;
				CLANG_WARN_EMPTY_BODY = YES;
				CLANG_WARN_ENUM_CONVERSION = YES;
				CLANG_WARN_INFINITE_RECURSION = YES;
				CLANG_WARN_INT_CONVERSION = YES;
				CLANG_WARN_NON_LITERAL_NULL_CONVERSION = YES;
				CLANG_WARN_OBJC_IMPLICIT_RETAIN_SELF = YES;
				CLANG_WARN_OBJC_LITERAL_CONVERSION = YES;
				CLANG_WARN_OBJC_ROOT_CLASS = YES_ERROR;
				CLANG_WARN_QUOTED_INCLUDE_IN_FRAMEWORK_HEADER = YES;
				CLANG_WARN_RANGE_LOOP_ANALYSIS = YES;
				CLANG_WARN_STRICT_PROTOTYPES = YES;
				CLANG_WARN_SUSPICIOUS_MOVE = YES;
				CLANG_WARN_UNGUARDED_AVAILABILITY = YES_AGGRESSIVE;
				CLANG_WARN_UNREACHABLE_CODE = YES;
				CLANG_WARN__DUPLICATE_METHOD_MATCH = YES;
				COPY_PHASE_STRIP = NO;
				DEAD_CODE_STRIPPING = YES;
				DEBUG_INFORMATION_FORMAT = dwarf;
				ENABLE_STRICT_OBJC_MSGSEND = YES;
				ENABLE_TESTABILITY = YES;
				ENABLE_USER_SCRIPT_SANDBOXING = YES;
				GCC_C_LANGUAGE_STANDARD = gnu17;
				GCC_DYNAMIC_NO_PIC = NO;
				GCC_NO_COMMON_BLOCKS = YES;
				GCC_OPTIMIZATION_LEVEL = 0;
				GCC_PREPROCESSOR_DEFINITIONS = (
					"DEBUG=1",
					"$(inherited)",
				);
				GCC_WARN_64_TO_32_BIT_CONVERSION = YES;
				GCC_WARN_ABOUT_RETURN_TYPE = YES_ERROR;
				GCC_WARN_UNDECLARED_SELECTOR = YES;
				GCC_WARN_UNINITIALIZED_AUTOS = YES_AGGRESSIVE;
				GCC_WARN_UNUSED_FUNCTION = YES;
				GCC_WARN_UNUSED_VARIABLE = YES;
				LOCALIZATION_PREFERS_STRING_CATALOGS = YES;
				MTL_ENABLE_DEBUG_INFO = INCLUDE_SOURCE;
				MTL_FAST_MATH = YES;
				ONLY_ACTIVE_ARCH = YES;
				STRING_CATALOG_GENERATE_SYMBOLS = YES;
				SWIFT_ACTIVE_COMPILATION_CONDITIONS = "DEBUG $(inherited)";
				SWIFT_OPTIMIZATION_LEVEL = "-Onone";
			};
			name = Debug;
		};
		028F9B772CECF2C4009B9F48 /* Release */ = {
			isa = XCBuildConfiguration;
			buildSettings = {
				ALWAYS_SEARCH_USER_PATHS = NO;
				ASSETCATALOG_COMPILER_GENERATE_SWIFT_ASSET_SYMBOL_EXTENSIONS = YES;
				CLANG_ANALYZER_NONNULL = YES;
				CLANG_ANALYZER_NUMBER_OBJECT_CONVERSION = YES_AGGRESSIVE;
				CLANG_CXX_LANGUAGE_STANDARD = "gnu++20";
				CLANG_ENABLE_MODULES = YES;
				CLANG_ENABLE_OBJC_ARC = YES;
				CLANG_ENABLE_OBJC_WEAK = YES;
				CLANG_WARN_BLOCK_CAPTURE_AUTORELEASING = YES;
				CLANG_WARN_BOOL_CONVERSION = YES;
				CLANG_WARN_COMMA = YES;
				CLANG_WARN_CONSTANT_CONVERSION = YES;
				CLANG_WARN_DEPRECATED_OBJC_IMPLEMENTATIONS = YES;
				CLANG_WARN_DIRECT_OBJC_ISA_USAGE = YES_ERROR;
				CLANG_WARN_DOCUMENTATION_COMMENTS = YES;
				CLANG_WARN_EMPTY_BODY = YES;
				CLANG_WARN_ENUM_CONVERSION = YES;
				CLANG_WARN_INFINITE_RECURSION = YES;
				CLANG_WARN_INT_CONVERSION = YES;
				CLANG_WARN_NON_LITERAL_NULL_CONVERSION = YES;
				CLANG_WARN_OBJC_IMPLICIT_RETAIN_SELF = YES;
				CLANG_WARN_OBJC_LITERAL_CONVERSION = YES;
				CLANG_WARN_OBJC_ROOT_CLASS = YES_ERROR;
				CLANG_WARN_QUOTED_INCLUDE_IN_FRAMEWORK_HEADER = YES;
				CLANG_WARN_RANGE_LOOP_ANALYSIS = YES;
				CLANG_WARN_STRICT_PROTOTYPES = YES;
				CLANG_WARN_SUSPICIOUS_MOVE = YES;
				CLANG_WARN_UNGUARDED_AVAILABILITY = YES_AGGRESSIVE;
				CLANG_WARN_UNREACHABLE_CODE = YES;
				CLANG_WARN__DUPLICATE_METHOD_MATCH = YES;
				COPY_PHASE_STRIP = NO;
				DEAD_CODE_STRIPPING = YES;
				DEBUG_INFORMATION_FORMAT = "dwarf-with-dsym";
				ENABLE_NS_ASSERTIONS = NO;
				ENABLE_STRICT_OBJC_MSGSEND = YES;
				ENABLE_USER_SCRIPT_SANDBOXING = YES;
				GCC_C_LANGUAGE_STANDARD = gnu17;
				GCC_NO_COMMON_BLOCKS = YES;
				GCC_WARN_64_TO_32_BIT_CONVERSION = YES;
				GCC_WARN_ABOUT_RETURN_TYPE = YES_ERROR;
				GCC_WARN_UNDECLARED_SELECTOR = YES;
				GCC_WARN_UNINITIALIZED_AUTOS = YES_AGGRESSIVE;
				GCC_WARN_UNUSED_FUNCTION = YES;
				GCC_WARN_UNUSED_VARIABLE = YES;
				LOCALIZATION_PREFERS_STRING_CATALOGS = YES;
				MTL_ENABLE_DEBUG_INFO = NO;
				MTL_FAST_MATH = YES;
				STRING_CATALOG_GENERATE_SYMBOLS = YES;
				SWIFT_COMPILATION_MODE = wholemodule;
			};
			name = Release;
		};
		028F9B792CECF2C4009B9F48 /* Debug */ = {
			isa = XCBuildConfiguration;
			buildSettings = {
				ASSETCATALOG_COMPILER_APPICON_NAME = AppIcon;
				ASSETCATALOG_COMPILER_GLOBAL_ACCENT_COLOR_NAME = AccentColor;
				CODE_SIGN_ENTITLEMENTS = CleanTemplate/SupportingFiles/CleanTemplate.entitlements;
				CODE_SIGN_STYLE = Automatic;
				CURRENT_PROJECT_VERSION = 1;
				DEAD_CODE_STRIPPING = YES;
				DEBUG_INFORMATION_FORMAT = "dwarf-with-dsym";
				DEVELOPMENT_ASSET_PATHS = "\"CleanTemplate/SupportingFiles/Preview Content\"";
				DEVELOPMENT_TEAM = 9JN8RSJMX3;
				ENABLE_APP_SANDBOX = YES;
				ENABLE_HARDENED_RUNTIME = YES;
				ENABLE_PREVIEWS = YES;
				ENABLE_USER_SCRIPT_SANDBOXING = NO;
				ENABLE_USER_SELECTED_FILES = readonly;
				GENERATE_INFOPLIST_FILE = YES;
				INFOPLIST_FILE = CleanTemplate/Info.plist;
				INFOPLIST_KEY_CFBundleDisplayName = "CleanTemplate - Dev";
				"INFOPLIST_KEY_UIApplicationSceneManifest_Generation[sdk=iphoneos*]" = YES;
				"INFOPLIST_KEY_UIApplicationSceneManifest_Generation[sdk=iphonesimulator*]" = YES;
				"INFOPLIST_KEY_UIApplicationSupportsIndirectInputEvents[sdk=iphoneos*]" = YES;
				"INFOPLIST_KEY_UIApplicationSupportsIndirectInputEvents[sdk=iphonesimulator*]" = YES;
				"INFOPLIST_KEY_UILaunchScreen_Generation[sdk=iphoneos*]" = YES;
				"INFOPLIST_KEY_UILaunchScreen_Generation[sdk=iphonesimulator*]" = YES;
				INFOPLIST_KEY_UILaunchStoryboardName = LaunchScreen;
				"INFOPLIST_KEY_UIStatusBarStyle[sdk=iphoneos*]" = UIStatusBarStyleDefault;
				"INFOPLIST_KEY_UIStatusBarStyle[sdk=iphonesimulator*]" = UIStatusBarStyleDefault;
				INFOPLIST_KEY_UISupportedInterfaceOrientations_iPad = "UIInterfaceOrientationPortrait UIInterfaceOrientationPortraitUpsideDown UIInterfaceOrientationLandscapeLeft UIInterfaceOrientationLandscapeRight";
				INFOPLIST_KEY_UISupportedInterfaceOrientations_iPhone = "UIInterfaceOrientationPortrait UIInterfaceOrientationLandscapeLeft UIInterfaceOrientationLandscapeRight";
				IPHONEOS_DEPLOYMENT_TARGET = 18.0;
				LD_RUNPATH_SEARCH_PATHS = "@executable_path/Frameworks";
				"LD_RUNPATH_SEARCH_PATHS[sdk=macosx*]" = "@executable_path/../Frameworks";
				MACOSX_DEPLOYMENT_TARGET = 14.5;
				MARKETING_VERSION = 1.0;
				OTHER_SWIFT_FLAGS = "-DDEV";
				PRODUCT_BUNDLE_IDENTIFIER = com.organization.CleanTemplate.dev;
				PRODUCT_NAME = "$(TARGET_NAME)";
				SDKROOT = auto;
				SUPPORTED_PLATFORMS = "iphoneos iphonesimulator macosx xros xrsimulator";
				SWIFT_EMIT_LOC_STRINGS = YES;
				SWIFT_VERSION = 6.0;
				TARGETED_DEVICE_FAMILY = "1,2,7";
				XROS_DEPLOYMENT_TARGET = 2.0;
			};
			name = Debug;
		};
		028F9B7A2CECF2C4009B9F48 /* Release */ = {
			isa = XCBuildConfiguration;
			buildSettings = {
				ASSETCATALOG_COMPILER_APPICON_NAME = AppIcon;
				ASSETCATALOG_COMPILER_GLOBAL_ACCENT_COLOR_NAME = AccentColor;
				CODE_SIGN_ENTITLEMENTS = CleanTemplate/SupportingFiles/CleanTemplate.entitlements;
				CODE_SIGN_STYLE = Automatic;
				CURRENT_PROJECT_VERSION = 1;
				DEAD_CODE_STRIPPING = YES;
				DEBUG_INFORMATION_FORMAT = "dwarf-with-dsym";
				DEVELOPMENT_ASSET_PATHS = "\"CleanTemplate/SupportingFiles/Preview Content\"";
				DEVELOPMENT_TEAM = 9JN8RSJMX3;
				ENABLE_APP_SANDBOX = YES;
				ENABLE_HARDENED_RUNTIME = YES;
				ENABLE_PREVIEWS = YES;
				ENABLE_USER_SCRIPT_SANDBOXING = NO;
				ENABLE_USER_SELECTED_FILES = readonly;
				GENERATE_INFOPLIST_FILE = YES;
				INFOPLIST_FILE = CleanTemplate/Info.plist;
				INFOPLIST_KEY_CFBundleDisplayName = "CleanTemplate - Dev";
				"INFOPLIST_KEY_UIApplicationSceneManifest_Generation[sdk=iphoneos*]" = YES;
				"INFOPLIST_KEY_UIApplicationSceneManifest_Generation[sdk=iphonesimulator*]" = YES;
				"INFOPLIST_KEY_UIApplicationSupportsIndirectInputEvents[sdk=iphoneos*]" = YES;
				"INFOPLIST_KEY_UIApplicationSupportsIndirectInputEvents[sdk=iphonesimulator*]" = YES;
				"INFOPLIST_KEY_UILaunchScreen_Generation[sdk=iphoneos*]" = YES;
				"INFOPLIST_KEY_UILaunchScreen_Generation[sdk=iphonesimulator*]" = YES;
				INFOPLIST_KEY_UILaunchStoryboardName = LaunchScreen;
				"INFOPLIST_KEY_UIStatusBarStyle[sdk=iphoneos*]" = UIStatusBarStyleDefault;
				"INFOPLIST_KEY_UIStatusBarStyle[sdk=iphonesimulator*]" = UIStatusBarStyleDefault;
				INFOPLIST_KEY_UISupportedInterfaceOrientations_iPad = "UIInterfaceOrientationPortrait UIInterfaceOrientationPortraitUpsideDown UIInterfaceOrientationLandscapeLeft UIInterfaceOrientationLandscapeRight";
				INFOPLIST_KEY_UISupportedInterfaceOrientations_iPhone = "UIInterfaceOrientationPortrait UIInterfaceOrientationLandscapeLeft UIInterfaceOrientationLandscapeRight";
				IPHONEOS_DEPLOYMENT_TARGET = 18.0;
				LD_RUNPATH_SEARCH_PATHS = "@executable_path/Frameworks";
				"LD_RUNPATH_SEARCH_PATHS[sdk=macosx*]" = "@executable_path/../Frameworks";
				MACOSX_DEPLOYMENT_TARGET = 14.5;
				MARKETING_VERSION = 1.0;
				PRODUCT_BUNDLE_IDENTIFIER = com.organization.CleanTemplate;
				PRODUCT_NAME = "$(TARGET_NAME)";
				SDKROOT = auto;
				SUPPORTED_PLATFORMS = "iphoneos iphonesimulator macosx xros xrsimulator";
				SWIFT_EMIT_LOC_STRINGS = YES;
				SWIFT_VERSION = 6.0;
				TARGETED_DEVICE_FAMILY = "1,2,7";
				XROS_DEPLOYMENT_TARGET = 2.0;
			};
			name = Release;
		};
/* End XCBuildConfiguration section */

/* Begin XCConfigurationList section */
		022958372CEE7FEF00765488 /* Build configuration list for PBXNativeTarget "CleanTemplateUITests" */ = {
			isa = XCConfigurationList;
			buildConfigurations = (
				022958382CEE7FEF00765488 /* Debug */,
				022958392CEE7FEF00765488 /* Mock */,
				0229583A2CEE7FEF00765488 /* Release */,
			);
			defaultConfigurationIsVisible = 0;
			defaultConfigurationName = Release;
		};
		022958452CEE7FF900765488 /* Build configuration list for PBXNativeTarget "CleanTemplateUnitTests" */ = {
			isa = XCConfigurationList;
			buildConfigurations = (
				022958462CEE7FF900765488 /* Debug */,
				022958472CEE7FF900765488 /* Mock */,
				022958482CEE7FF900765488 /* Release */,
			);
			defaultConfigurationIsVisible = 0;
			defaultConfigurationName = Release;
		};
		028F9B4E2CECF2C2009B9F48 /* Build configuration list for PBXProject "CleanTemplate" */ = {
			isa = XCConfigurationList;
			buildConfigurations = (
				028F9B762CECF2C4009B9F48 /* Debug */,
				022958172CEE4BB000765488 /* Mock */,
				028F9B772CECF2C4009B9F48 /* Release */,
			);
			defaultConfigurationIsVisible = 0;
			defaultConfigurationName = Release;
		};
		028F9B782CECF2C4009B9F48 /* Build configuration list for PBXNativeTarget "CleanTemplate" */ = {
			isa = XCConfigurationList;
			buildConfigurations = (
				028F9B792CECF2C4009B9F48 /* Debug */,
				022958182CEE4BB000765488 /* Mock */,
				028F9B7A2CECF2C4009B9F48 /* Release */,
			);
			defaultConfigurationIsVisible = 0;
			defaultConfigurationName = Release;
		};
/* End XCConfigurationList section */

/* Begin XCRemoteSwiftPackageReference section */
		020034592EAC73C700D87C8F /* XCRemoteSwiftPackageReference "SwiftfulOnboarding" */ = {
			isa = XCRemoteSwiftPackageReference;
			repositoryURL = "https://github.com/SwiftfulThinking/SwiftfulOnboarding.git";
			requirement = {
				kind = upToNextMajorVersion;
				minimumVersion = 1.0.0;
			};
		};
		0207BD932EA0958200E46D93 /* XCRemoteSwiftPackageReference "SwiftfulGamificationFirebase" */ = {
			isa = XCRemoteSwiftPackageReference;
			repositoryURL = "https://github.com/SwiftfulThinking/SwiftfulGamificationFirebase.git";
			requirement = {
				kind = upToNextMajorVersion;
				minimumVersion = 1.0.1;
			};
		};
		0207BD962EA0958B00E46D93 /* XCRemoteSwiftPackageReference "SwiftfulGamification" */ = {
			isa = XCRemoteSwiftPackageReference;
			repositoryURL = "https://github.com/SwiftfulThinking/SwiftfulGamification.git";
			requirement = {
				kind = upToNextMajorVersion;
				minimumVersion = 1.0.0;
			};
		};
		0210A6C82DB4DCE40072B2FC /* XCRemoteSwiftPackageReference "SwiftfulRouting" */ = {
			isa = XCRemoteSwiftPackageReference;
			repositoryURL = "https://github.com/SwiftfulThinking/SwiftfulRouting";
			requirement = {
				kind = upToNextMajorVersion;
				minimumVersion = 6.0.0;
			};
		};
		0229588A2CEE932F00765488 /* XCRemoteSwiftPackageReference "SDWebImageSwiftUI" */ = {
			isa = XCRemoteSwiftPackageReference;
			repositoryURL = "https://github.com/SDWebImage/SDWebImageSwiftUI.git";
			requirement = {
				kind = upToNextMajorVersion;
				minimumVersion = 3.1.3;
			};
		};
		028200B12EA3434D0004887E /* XCRemoteSwiftPackageReference "SwiftfulDataManagers" */ = {
			isa = XCRemoteSwiftPackageReference;
			repositoryURL = "https://github.com/SwiftfulThinking/SwiftfulDataManagers.git";
			requirement = {
				kind = upToNextMajorVersion;
				minimumVersion = 1.0.1;
			};
		};
		028200B42EA3437B0004887E /* XCRemoteSwiftPackageReference "SwiftfulDataManagersFirebase" */ = {
			isa = XCRemoteSwiftPackageReference;
			repositoryURL = "https://github.com/SwiftfulThinking/SwiftfulDataManagersFirebase.git";
			requirement = {
				branch = main;
				kind = branch;
			};
		};
		028744402D3396FC00C2C3E1 /* XCRemoteSwiftPackageReference "SwiftfulHaptics" */ = {
			isa = XCRemoteSwiftPackageReference;
			repositoryURL = "https://github.com/SwiftfulThinking/SwiftfulHaptics.git";
			requirement = {
				kind = upToNextMajorVersion;
				minimumVersion = 2.0.0;
			};
		};
		028744462D33A58F00C2C3E1 /* XCRemoteSwiftPackageReference "SwiftfulSoundEffects" */ = {
			isa = XCRemoteSwiftPackageReference;
			repositoryURL = "https://github.com/SwiftfulThinking/SwiftfulSoundEffects.git";
			requirement = {
				kind = upToNextMajorVersion;
				minimumVersion = 1.0.0;
			};
		};
		028F9B842CECF666009B9F48 /* XCRemoteSwiftPackageReference "SwiftfulUtilities" */ = {
			isa = XCRemoteSwiftPackageReference;
			repositoryURL = "https://github.com/SwiftfulThinking/SwiftfulUtilities";
			requirement = {
				kind = upToNextMajorVersion;
				minimumVersion = 1.1.5;
			};
		};
		028F9BC32CED14CA009B9F48 /* XCRemoteSwiftPackageReference "SwiftfulLogging" */ = {
			isa = XCRemoteSwiftPackageReference;
			repositoryURL = "https://github.com/SwiftfulThinking/SwiftfulLogging.git";
			requirement = {
				kind = upToNextMajorVersion;
				minimumVersion = 1.1.2;
			};
		};
		028F9BCC2CED152A009B9F48 /* XCRemoteSwiftPackageReference "SwiftfulLoggingMixpanel" */ = {
			isa = XCRemoteSwiftPackageReference;
			repositoryURL = "https://github.com/SwiftfulThinking/SwiftfulLoggingMixpanel";
			requirement = {
				kind = upToNextMajorVersion;
				minimumVersion = 1.1.2;
			};
		};
		028F9BCF2CED1539009B9F48 /* XCRemoteSwiftPackageReference "SwiftfulPurchasing" */ = {
			isa = XCRemoteSwiftPackageReference;
			repositoryURL = "https://github.com/SwiftfulThinking/SwiftfulPurchasing";
			requirement = {
				kind = upToNextMajorVersion;
				minimumVersion = 1.0.6;
			};
		};
		028F9BD22CED1547009B9F48 /* XCRemoteSwiftPackageReference "SwiftfulPurchasingRevenueCat" */ = {
			isa = XCRemoteSwiftPackageReference;
			repositoryURL = "https://github.com/SwiftfulThinking/SwiftfulPurchasingRevenueCat";
			requirement = {
				kind = upToNextMajorVersion;
				minimumVersion = 1.0.2;
			};
		};
		028F9BD52CED155A009B9F48 /* XCRemoteSwiftPackageReference "SwiftfulAuthenticating" */ = {
			isa = XCRemoteSwiftPackageReference;
			repositoryURL = "https://github.com/SwiftfulThinking/SwiftfulAuthenticating";
			requirement = {
				kind = upToNextMajorVersion;
				minimumVersion = 1.0.0;
			};
		};
		028F9BDD2CED1617009B9F48 /* XCRemoteSwiftPackageReference "SwiftfulUI" */ = {
			isa = XCRemoteSwiftPackageReference;
			repositoryURL = "https://github.com/SwiftfulThinking/SwiftfulUI";
			requirement = {
				kind = upToNextMajorVersion;
				minimumVersion = 1.2.0;
			};
		};
		02B62BA02E662DC3008FB7FF /* XCRemoteSwiftPackageReference "firebase-ios-sdk" */ = {
			isa = XCRemoteSwiftPackageReference;
			repositoryURL = "https://github.com/firebase/firebase-ios-sdk.git";
			requirement = {
				kind = upToNextMajorVersion;
				minimumVersion = 12.2.0;
			};
		};
		02B62BA32E662DD7008FB7FF /* XCRemoteSwiftPackageReference "SwiftfulAuthenticatingFirebase" */ = {
			isa = XCRemoteSwiftPackageReference;
			repositoryURL = "https://github.com/SwiftfulThinking/SwiftfulAuthenticatingFirebase";
			requirement = {
				kind = upToNextMajorVersion;
				minimumVersion = 1.0.12;
			};
		};
		02B62BA62E662DE7008FB7FF /* XCRemoteSwiftPackageReference "SwiftfulLoggingFirebaseAnalytics" */ = {
			isa = XCRemoteSwiftPackageReference;
			repositoryURL = "https://github.com/SwiftfulThinking/SwiftfulLoggingFirebaseAnalytics";
			requirement = {
				kind = upToNextMajorVersion;
				minimumVersion = 1.1.4;
			};
		};
		02B62BA92E662DF3008FB7FF /* XCRemoteSwiftPackageReference "SwiftfulLoggingFirebaseCrashlytics" */ = {
			isa = XCRemoteSwiftPackageReference;
			repositoryURL = "https://github.com/SwiftfulThinking/SwiftfulLoggingFirebaseCrashlytics";
			requirement = {
				kind = upToNextMajorVersion;
				minimumVersion = 1.1.1;
			};
		};
		02B62BAC2E662E14008FB7FF /* XCRemoteSwiftPackageReference "SwiftfulFirestore" */ = {
			isa = XCRemoteSwiftPackageReference;
			repositoryURL = "https://github.com/SwiftfulThinking/SwiftfulFirestore";
			requirement = {
				kind = upToNextMajorVersion;
				minimumVersion = 11.0.0;
			};
		};
/* End XCRemoteSwiftPackageReference section */

/* Begin XCSwiftPackageProductDependency section */
		0200345A2EAC73C700D87C8F /* SwiftfulOnboarding */ = {
			isa = XCSwiftPackageProductDependency;
			package = 020034592EAC73C700D87C8F /* XCRemoteSwiftPackageReference "SwiftfulOnboarding" */;
			productName = SwiftfulOnboarding;
		};
		0207BD942EA0958200E46D93 /* SwiftfulGamificationFirebase */ = {
			isa = XCSwiftPackageProductDependency;
			package = 0207BD932EA0958200E46D93 /* XCRemoteSwiftPackageReference "SwiftfulGamificationFirebase" */;
			productName = SwiftfulGamificationFirebase;
		};
		0207BD972EA0958B00E46D93 /* SwiftfulGamification */ = {
			isa = XCSwiftPackageProductDependency;
			package = 0207BD962EA0958B00E46D93 /* XCRemoteSwiftPackageReference "SwiftfulGamification" */;
			productName = SwiftfulGamification;
		};
		0210A6C92DB4DCE40072B2FC /* SwiftfulRouting */ = {
			isa = XCSwiftPackageProductDependency;
			package = 0210A6C82DB4DCE40072B2FC /* XCRemoteSwiftPackageReference "SwiftfulRouting" */;
			productName = SwiftfulRouting;
		};
		0229588B2CEE932F00765488 /* SDWebImageSwiftUI */ = {
			isa = XCSwiftPackageProductDependency;
			package = 0229588A2CEE932F00765488 /* XCRemoteSwiftPackageReference "SDWebImageSwiftUI" */;
			productName = SDWebImageSwiftUI;
		};
		028200B22EA3434D0004887E /* SwiftfulDataManagers */ = {
			isa = XCSwiftPackageProductDependency;
			package = 028200B12EA3434D0004887E /* XCRemoteSwiftPackageReference "SwiftfulDataManagers" */;
			productName = SwiftfulDataManagers;
		};
		028200B52EA3437B0004887E /* SwiftfulDataManagersFirebase */ = {
			isa = XCSwiftPackageProductDependency;
			package = 028200B42EA3437B0004887E /* XCRemoteSwiftPackageReference "SwiftfulDataManagersFirebase" */;
			productName = SwiftfulDataManagersFirebase;
		};
		028744412D3396FC00C2C3E1 /* SwiftfulHaptics */ = {
			isa = XCSwiftPackageProductDependency;
			package = 028744402D3396FC00C2C3E1 /* XCRemoteSwiftPackageReference "SwiftfulHaptics" */;
			productName = SwiftfulHaptics;
		};
		028744472D33A58F00C2C3E1 /* SwiftfulSoundEffects */ = {
			isa = XCSwiftPackageProductDependency;
			package = 028744462D33A58F00C2C3E1 /* XCRemoteSwiftPackageReference "SwiftfulSoundEffects" */;
			productName = SwiftfulSoundEffects;
		};
		028F9B852CECF666009B9F48 /* SwiftfulUtilities */ = {
			isa = XCSwiftPackageProductDependency;
			package = 028F9B842CECF666009B9F48 /* XCRemoteSwiftPackageReference "SwiftfulUtilities" */;
			productName = SwiftfulUtilities;
		};
		028F9BC42CED14CA009B9F48 /* SwiftfulLogging */ = {
			isa = XCSwiftPackageProductDependency;
			package = 028F9BC32CED14CA009B9F48 /* XCRemoteSwiftPackageReference "SwiftfulLogging" */;
			productName = SwiftfulLogging;
		};
		028F9BCD2CED152A009B9F48 /* SwiftfulLoggingMixpanel */ = {
			isa = XCSwiftPackageProductDependency;
			package = 028F9BCC2CED152A009B9F48 /* XCRemoteSwiftPackageReference "SwiftfulLoggingMixpanel" */;
			productName = SwiftfulLoggingMixpanel;
		};
		028F9BD02CED1539009B9F48 /* SwiftfulPurchasing */ = {
			isa = XCSwiftPackageProductDependency;
			package = 028F9BCF2CED1539009B9F48 /* XCRemoteSwiftPackageReference "SwiftfulPurchasing" */;
			productName = SwiftfulPurchasing;
		};
		028F9BD32CED1547009B9F48 /* SwiftfulPurchasingRevenueCat */ = {
			isa = XCSwiftPackageProductDependency;
			package = 028F9BD22CED1547009B9F48 /* XCRemoteSwiftPackageReference "SwiftfulPurchasingRevenueCat" */;
			productName = SwiftfulPurchasingRevenueCat;
		};
		028F9BD62CED155A009B9F48 /* SwiftfulAuthUI */ = {
			isa = XCSwiftPackageProductDependency;
			package = 028F9BD52CED155A009B9F48 /* XCRemoteSwiftPackageReference "SwiftfulAuthenticating" */;
			productName = SwiftfulAuthUI;
		};
		028F9BD82CED155A009B9F48 /* SwiftfulAuthenticating */ = {
			isa = XCSwiftPackageProductDependency;
			package = 028F9BD52CED155A009B9F48 /* XCRemoteSwiftPackageReference "SwiftfulAuthenticating" */;
			productName = SwiftfulAuthenticating;
		};
		028F9BDE2CED1617009B9F48 /* SwiftfulUI */ = {
			isa = XCSwiftPackageProductDependency;
			package = 028F9BDD2CED1617009B9F48 /* XCRemoteSwiftPackageReference "SwiftfulUI" */;
			productName = SwiftfulUI;
		};
		02B62BA12E662DC3008FB7FF /* FirebaseMessaging */ = {
			isa = XCSwiftPackageProductDependency;
			package = 02B62BA02E662DC3008FB7FF /* XCRemoteSwiftPackageReference "firebase-ios-sdk" */;
			productName = FirebaseMessaging;
		};
		02B62BA42E662DD7008FB7FF /* SwiftfulAuthenticatingFirebase */ = {
			isa = XCSwiftPackageProductDependency;
			package = 02B62BA32E662DD7008FB7FF /* XCRemoteSwiftPackageReference "SwiftfulAuthenticatingFirebase" */;
			productName = SwiftfulAuthenticatingFirebase;
		};
		02B62BA72E662DE7008FB7FF /* SwiftfulLoggingFirebaseAnalytics */ = {
			isa = XCSwiftPackageProductDependency;
			package = 02B62BA62E662DE7008FB7FF /* XCRemoteSwiftPackageReference "SwiftfulLoggingFirebaseAnalytics" */;
			productName = SwiftfulLoggingFirebaseAnalytics;
		};
		02B62BAA2E662DF3008FB7FF /* SwiftfulLoggingFirebaseCrashlytics */ = {
			isa = XCSwiftPackageProductDependency;
			package = 02B62BA92E662DF3008FB7FF /* XCRemoteSwiftPackageReference "SwiftfulLoggingFirebaseCrashlytics" */;
			productName = SwiftfulLoggingFirebaseCrashlytics;
		};
		02B62BAD2E662E14008FB7FF /* SwiftfulFirestore */ = {
			isa = XCSwiftPackageProductDependency;
			package = 02B62BAC2E662E14008FB7FF /* XCRemoteSwiftPackageReference "SwiftfulFirestore" */;
			productName = SwiftfulFirestore;
		};
		02B62BAF2E662E60008FB7FF /* FirebaseRemoteConfig */ = {
			isa = XCSwiftPackageProductDependency;
			package = 02B62BA02E662DC3008FB7FF /* XCRemoteSwiftPackageReference "firebase-ios-sdk" */;
			productName = FirebaseRemoteConfig;
		};
		02B62BB12E662E85008FB7FF /* FirebaseStorage */ = {
			isa = XCSwiftPackageProductDependency;
			package = 02B62BA02E662DC3008FB7FF /* XCRemoteSwiftPackageReference "firebase-ios-sdk" */;
			productName = FirebaseStorage;
		};
/* End XCSwiftPackageProductDependency section */
	};
	rootObject = 028F9B4B2CECF2C2009B9F48 /* Project object */;
}
